Microsoft Visual Studio Solution File, Format Version 12.00
# Visual Studio Version 17
VisualStudioVersion = 17.5.2.0
MinimumVisualStudioVersion = 10.0.40219.1
Project("{2150E333-8FDC-42A3-9474-1A3956D46DE8}") = "src", "src", "{827E0CD3-B72D-47B6-A68D-7590B98EB39B}"
EndProject
Project("{FAE04EC0-301F-11D3-BF4B-00C04F79EFBC}") = "App.Data", "src\App.Data\App.Data.csproj", "{48E80D7E-09F7-B651-FEBD-983290096629}"
EndProject
Project("{FAE04EC0-301F-11D3-BF4B-00C04F79EFBC}") = "Console.AdoNetTest", "src\Console.AdoNetTest\Console.AdoNetTest.csproj", "{F8EB41A3-1416-5E88-67A2-997469D990B6}"
EndProject
Project("{FAE04EC0-301F-11D3-BF4B-00C04F79EFBC}") = "Console.EFTest", "src\Console.EFTest\Console.EFTest.csproj", "{A26DB197-EB45-CCA7-258A-BBD6BD39FCDF}"
EndProject
Project("{FAE04EC0-301F-11D3-BF4B-00C04F79EFBC}") = "Console.Seeder", "src\Console.Seeder\Console.Seeder.csproj", "{8086580A-6B62-AD2B-C6C3-C480057BE327}"
EndProject
Project("{FAE04EC0-301F-11D3-BF4B-00C04F79EFBC}") = "BadBoys.DAL", "src\BadBoys.DAL\BadBoys.DAL.csproj", "{FD44EDA0-CAE4-412D-B65F-0ACF66FBB41B}"
EndProject
Project("{FAE04EC0-301F-11D3-BF4B-00C04F79EFBC}") = "BadBoys.BLL", "src\BadBoys.BLL\BadBoys.BLL.csproj", "{4020E78F-F445-4E34-970A-586CB6320420}"
EndProject
Project("{FAE04EC0-301F-11D3-BF4B-00C04F79EFBC}") = "BadBoys.Presentation.WPF", "src\BadBoys.Presentation.WPF\BadBoys.Presentation.WPF.csproj", "{3AB9EA5B-59C6-4246-AE6C-06C8771AF149}"
EndProject
Project("{2150E333-8FDC-42A3-9474-1A3956D46DE8}") = "tests", "tests", "{3CC9C777-0BC9-46C8-86AB-9C31D08F1F64}"
EndProject
Project("{FAE04EC0-301F-11D3-BF4B-00C04F79EFBC}") = "BadBoys.BLL.Tests", "tests\BadBoys.BLL.Tests\BadBoys.BLL.Tests.csproj", "{7A3C77AB-7811-49F0-A254-BD5C6C8CDF28}"
EndProject
Global
	GlobalSection(SolutionConfigurationPlatforms) = preSolution
		Debug|Any CPU = Debug|Any CPU
		Release|Any CPU = Release|Any CPU
	EndGlobalSection
	GlobalSection(ProjectConfigurationPlatforms) = postSolution
		{48E80D7E-09F7-B651-FEBD-983290096629}.Debug|Any CPU.ActiveCfg = Debug|Any CPU
		{48E80D7E-09F7-B651-FEBD-983290096629}.Debug|Any CPU.Build.0 = Debug|Any CPU
		{48E80D7E-09F7-B651-FEBD-983290096629}.Release|Any CPU.ActiveCfg = Release|Any CPU
		{48E80D7E-09F7-B651-FEBD-983290096629}.Release|Any CPU.Build.0 = Release|Any CPU
		{F8EB41A3-1416-5E88-67A2-997469D990B6}.Debug|Any CPU.ActiveCfg = Debug|Any CPU
		{F8EB41A3-1416-5E88-67A2-997469D990B6}.Debug|Any CPU.Build.0 = Debug|Any CPU
		{F8EB41A3-1416-5E88-67A2-997469D990B6}.Release|Any CPU.ActiveCfg = Release|Any CPU
		{F8EB41A3-1416-5E88-67A2-997469D990B6}.Release|Any CPU.Build.0 = Release|Any CPU
		{A26DB197-EB45-CCA7-258A-BBD6BD39FCDF}.Debug|Any CPU.ActiveCfg = Debug|Any CPU
		{A26DB197-EB45-CCA7-258A-BBD6BD39FCDF}.Debug|Any CPU.Build.0 = Debug|Any CPU
		{A26DB197-EB45-CCA7-258A-BBD6BD39FCDF}.Release|Any CPU.ActiveCfg = Release|Any CPU
		{A26DB197-EB45-CCA7-258A-BBD6BD39FCDF}.Release|Any CPU.Build.0 = Release|Any CPU
		{8086580A-6B62-AD2B-C6C3-C480057BE327}.Debug|Any CPU.ActiveCfg = Debug|Any CPU
		{8086580A-6B62-AD2B-C6C3-C480057BE327}.Debug|Any CPU.Build.0 = Debug|Any CPU
		{8086580A-6B62-AD2B-C6C3-C480057BE327}.Release|Any CPU.ActiveCfg = Release|Any CPU
		{8086580A-6B62-AD2B-C6C3-C480057BE327}.Release|Any CPU.Build.0 = Release|Any CPU
		{FD44EDA0-CAE4-412D-B65F-0ACF66FBB41B}.Debug|Any CPU.ActiveCfg = Debug|Any CPU
		{FD44EDA0-CAE4-412D-B65F-0ACF66FBB41B}.Debug|Any CPU.Build.0 = Debug|Any CPU
		{FD44EDA0-CAE4-412D-B65F-0ACF66FBB41B}.Release|Any CPU.ActiveCfg = Release|Any CPU
		{FD44EDA0-CAE4-412D-B65F-0ACF66FBB41B}.Release|Any CPU.Build.0 = Release|Any CPU
		{4020E78F-F445-4E34-970A-586CB6320420}.Debug|Any CPU.ActiveCfg = Debug|Any CPU
		{4020E78F-F445-4E34-970A-586CB6320420}.Debug|Any CPU.Build.0 = Debug|Any CPU
		{4020E78F-F445-4E34-970A-586CB6320420}.Release|Any CPU.ActiveCfg = Release|Any CPU
		{4020E78F-F445-4E34-970A-586CB6320420}.Release|Any CPU.Build.0 = Release|Any CPU
		{3AB9EA5B-59C6-4246-AE6C-06C8771AF149}.Debug|Any CPU.ActiveCfg = Debug|Any CPU
		{3AB9EA5B-59C6-4246-AE6C-06C8771AF149}.Debug|Any CPU.Build.0 = Debug|Any CPU
		{3AB9EA5B-59C6-4246-AE6C-06C8771AF149}.Release|Any CPU.ActiveCfg = Release|Any CPU
		{3AB9EA5B-59C6-4246-AE6C-06C8771AF149}.Release|Any CPU.Build.0 = Release|Any CPU
		{7A3C77AB-7811-49F0-A254-BD5C6C8CDF28}.Debug|Any CPU.ActiveCfg = Debug|Any CPU
		{7A3C77AB-7811-49F0-A254-BD5C6C8CDF28}.Debug|Any CPU.Build.0 = Debug|Any CPU
		{7A3C77AB-7811-49F0-A254-BD5C6C8CDF28}.Release|Any CPU.ActiveCfg = Release|Any CPU
		{7A3C77AB-7811-49F0-A254-BD5C6C8CDF28}.Release|Any CPU.Build.0 = Release|Any CPU
	EndGlobalSection
	GlobalSection(SolutionProperties) = preSolution
		HideSolutionNode = FALSE
	EndGlobalSection
	GlobalSection(NestedProjects) = preSolution
		{48E80D7E-09F7-B651-FEBD-983290096629} = {827E0CD3-B72D-47B6-A68D-7590B98EB39B}
		{F8EB41A3-1416-5E88-67A2-997469D990B6} = {827E0CD3-B72D-47B6-A68D-7590B98EB39B}
		{A26DB197-EB45-CCA7-258A-BBD6BD39FCDF} = {827E0CD3-B72D-47B6-A68D-7590B98EB39B}
		{8086580A-6B62-AD2B-C6C3-C480057BE327} = {827E0CD3-B72D-47B6-A68D-7590B98EB39B}
		{FD44EDA0-CAE4-412D-B65F-0ACF66FBB41B} = {827E0CD3-B72D-47B6-A68D-7590B98EB39B}
		{4020E78F-F445-4E34-970A-586CB6320420} = {827E0CD3-B72D-47B6-A68D-7590B98EB39B}
		{3AB9EA5B-59C6-4246-AE6C-06C8771AF149} = {827E0CD3-B72D-47B6-A68D-7590B98EB39B}
		{7A3C77AB-7811-49F0-A254-BD5C6C8CDF28} = {3CC9C777-0BC9-46C8-86AB-9C31D08F1F64}
	EndGlobalSection
	GlobalSection(ExtensibilityGlobals) = postSolution
		SolutionGuid = {7D1CE573-42F3-4F23-87F7-48263AC7B865}
	EndGlobalSection
EndGlobal
